
Microsoft Visual Studio Solution File, Format Version 12.00
# Visual Studio Version 16
VisualStudioVersion = 16.0.31112.23
MinimumVisualStudioVersion = 10.0.40219.1
Project("{9A19103F-16F7-4668-BE54-9A1E7A4F7556}") = "Iostrade", "Iostrade\Iostrade.csproj", "{A6F61BD8-30B0-4ADF-99B3-BF2B74F7324C}"
EndProject
Project("{9A19103F-16F7-4668-BE54-9A1E7A4F7556}") = "Iostrade.Components", "Iostrade.Components\Iostrade.Components.csproj", "{69FA83E2-1054-4487-B5C7-4234A4793F50}"
EndProject
Project("{9A19103F-16F7-4668-BE54-9A1E7A4F7556}") = "Iostrade.Core", "Iostrade.Core\Iostrade.Core.csproj", "{8B33D946-C72A-4CCE-AB3A-3F575CE7154B}"
EndProject
Project("{9A19103F-16F7-4668-BE54-9A1E7A4F7556}") = "Iostrade.Integraciones.Coinbase", "Iostrade.Integraciones.Coinbase\Iostrade.Integraciones.Coinbase.csproj", "{636B5BA5-03A3-4E47-B675-C694E0400E5D}"
EndProject
Project("{9A19103F-16F7-4668-BE54-9A1E7A4F7556}") = "Iostrade.Integraciones.Binance", "Iostrade.Integraciones.Binance\Iostrade.Integraciones.Binance.csproj", "{68E7BE28-2F15-4666-BDE9-A1A503C8BBBE}"
EndProject
Project("{9A19103F-16F7-4668-BE54-9A1E7A4F7556}") = "Iostrade.Integraciones.Capitalcom", "Iostrade.Integraciones.Capitalcom\Iostrade.Integraciones.Capitalcom.csproj", "{406A3E97-76DE-4899-BA40-E55E20CE30F5}"
EndProject
Project("{9A19103F-16F7-4668-BE54-9A1E7A4F7556}") = "Iostrade.Integraciones.Etoro", "Iostrade.Integraciones.Etoro\Iostrade.Integraciones.Etoro.csproj", "{23B76C8B-F79F-4AA5-9CA9-818FD833C6DD}"
EndProject
Project("{9A19103F-16F7-4668-BE54-9A1E7A4F7556}") = "Iostrade.Base", "Iostrade.Base\Iostrade.Base.csproj", "{876E93A8-12A9-49CA-A12E-8E4167738C62}"
EndProject
Project("{9A19103F-16F7-4668-BE54-9A1E7A4F7556}") = "Iostrade.API", "Iostrade.API\Iostrade.API.csproj", "{C28554DC-ACAC-48B2-B7E0-BC425E8FC4B2}"
EndProject
Project("{E53339B2-1760-4266-BCC7-CA923CBCF16C}") = "docker-compose", "docker-compose.dcproj", "{1FBC7CEC-BEF1-4C9C-B4D6-7D0DB5FC5E1D}"
EndProject
Project("{2150E333-8FDC-42A3-9474-1A3956D46DE8}") = "Tests", "Tests", "{7B9C6CE2-BC34-40CF-9B24-AAD2C713E389}"
EndProject
Project("{9A19103F-16F7-4668-BE54-9A1E7A4F7556}") = "Iostrade.Core.Tests", "Iostrade.Core.Tests\Iostrade.Core.Tests.csproj", "{CB04A5DA-D414-43B2-9DFB-353D0D6684E5}"
EndProject
Project("{9A19103F-16F7-4668-BE54-9A1E7A4F7556}") = "Iostrade.Integraciones.Binance.Tests", "Iostrade.Integraciones.Binance.Tests\Iostrade.Integraciones.Binance.Tests.csproj", "{9DBADD67-7C76-40D6-8042-F6253B8E8180}"
EndProject
Project("{FAE04EC0-301F-11D3-BF4B-00C04F79EFBC}") = "Iostrade.Integraciones.Degiro", "..\Iostrade.Integraciones.Degiro\Iostrade.Integraciones.Degiro.csproj", "{FA16671E-4006-4A72-9F74-97D6B0AD631F}"
EndProject
Project("{FAE04EC0-301F-11D3-BF4B-00C04F79EFBC}") = "Iostrade.Integraciones.Oanda", "..\Iostrade.Integraciones.Oanda\Iostrade.Integraciones.Oanda.csproj", "{BE870CA5-83FD-42C0-BDC1-66725363E4F5}"
EndProject
Project("{FAE04EC0-301F-11D3-BF4B-00C04F79EFBC}") = "Iostrade.Marketsource.Yahoofinancials", "..\Iostrade.Marketsource.Yahoofinancials\Iostrade.Marketsource.Yahoofinancials.csproj", "{8C112218-AC60-44DD-8F3F-A17A92985A00}"
EndProject
Project("{FAE04EC0-301F-11D3-BF4B-00C04F79EFBC}") = "Iostrade.Marketsource.IEXCloud", "..\Iostrade.Marketsource.IEXCloud\Iostrade.Marketsource.IEXCloud.csproj", "{85E8909F-1133-44CD-A515-424031D9AA2B}"
EndProject
Project("{FAE04EC0-301F-11D3-BF4B-00C04F79EFBC}") = "Iostrade.Marketsource.Marketstack", "..\Iostrade.Marketsource.Marketstack\Iostrade.Marketsource.Marketstack.csproj", "{6CA68B6F-0A3F-4DDD-91FD-71C19291859D}"
EndProject
Project("{FAE04EC0-301F-11D3-BF4B-00C04F79EFBC}") = "Iostrade.Marketsource.Polygonio", "..\Iostrade.Marketsource.Polygonio\Iostrade.Marketsource.Polygonio.csproj", "{89FEBD50-23D6-4AF6-8817-C8D088296064}"
EndProject
Project("{FAE04EC0-301F-11D3-BF4B-00C04F79EFBC}") = "Iostrade.Marketsource.Apidojo", "..\Iostrade.Marketsource.Apidojo\Iostrade.Marketsource.Apidojo.csproj", "{A9313844-0BDF-4EE0-AF01-C854A21A7CFB}"
EndProject
Project("{FAE04EC0-301F-11D3-BF4B-00C04F79EFBC}") = "Iostrade.Marketsource.Alphavantage", "..\Iostrade.Marketsource.Alphavantage\Iostrade.Marketsource.Alphavantage.csproj", "{453C2C62-FC01-4F02-B29C-364F74578B12}"
EndProject
Global
	GlobalSection(SolutionConfigurationPlatforms) = preSolution
		Debug|Any CPU = Debug|Any CPU
		Release|Any CPU = Release|Any CPU
	EndGlobalSection
	GlobalSection(ProjectConfigurationPlatforms) = postSolution
		{A6F61BD8-30B0-4ADF-99B3-BF2B74F7324C}.Debug|Any CPU.ActiveCfg = Debug|Any CPU
		{A6F61BD8-30B0-4ADF-99B3-BF2B74F7324C}.Debug|Any CPU.Build.0 = Debug|Any CPU
		{A6F61BD8-30B0-4ADF-99B3-BF2B74F7324C}.Release|Any CPU.ActiveCfg = Release|Any CPU
		{A6F61BD8-30B0-4ADF-99B3-BF2B74F7324C}.Release|Any CPU.Build.0 = Release|Any CPU
		{69FA83E2-1054-4487-B5C7-4234A4793F50}.Debug|Any CPU.ActiveCfg = Debug|Any CPU
		{69FA83E2-1054-4487-B5C7-4234A4793F50}.Debug|Any CPU.Build.0 = Debug|Any CPU
		{69FA83E2-1054-4487-B5C7-4234A4793F50}.Release|Any CPU.ActiveCfg = Release|Any CPU
		{69FA83E2-1054-4487-B5C7-4234A4793F50}.Release|Any CPU.Build.0 = Release|Any CPU
		{8B33D946-C72A-4CCE-AB3A-3F575CE7154B}.Debug|Any CPU.ActiveCfg = Debug|Any CPU
		{8B33D946-C72A-4CCE-AB3A-3F575CE7154B}.Debug|Any CPU.Build.0 = Debug|Any CPU
		{8B33D946-C72A-4CCE-AB3A-3F575CE7154B}.Release|Any CPU.ActiveCfg = Release|Any CPU
		{8B33D946-C72A-4CCE-AB3A-3F575CE7154B}.Release|Any CPU.Build.0 = Release|Any CPU
		{636B5BA5-03A3-4E47-B675-C694E0400E5D}.Debug|Any CPU.ActiveCfg = Debug|Any CPU
		{636B5BA5-03A3-4E47-B675-C694E0400E5D}.Debug|Any CPU.Build.0 = Debug|Any CPU
		{636B5BA5-03A3-4E47-B675-C694E0400E5D}.Release|Any CPU.ActiveCfg = Release|Any CPU
		{636B5BA5-03A3-4E47-B675-C694E0400E5D}.Release|Any CPU.Build.0 = Release|Any CPU
		{68E7BE28-2F15-4666-BDE9-A1A503C8BBBE}.Debug|Any CPU.ActiveCfg = Debug|Any CPU
		{68E7BE28-2F15-4666-BDE9-A1A503C8BBBE}.Debug|Any CPU.Build.0 = Debug|Any CPU
		{68E7BE28-2F15-4666-BDE9-A1A503C8BBBE}.Release|Any CPU.ActiveCfg = Release|Any CPU
		{68E7BE28-2F15-4666-BDE9-A1A503C8BBBE}.Release|Any CPU.Build.0 = Release|Any CPU
		{406A3E97-76DE-4899-BA40-E55E20CE30F5}.Debug|Any CPU.ActiveCfg = Debug|Any CPU
		{406A3E97-76DE-4899-BA40-E55E20CE30F5}.Debug|Any CPU.Build.0 = Debug|Any CPU
		{406A3E97-76DE-4899-BA40-E55E20CE30F5}.Release|Any CPU.ActiveCfg = Release|Any CPU
		{406A3E97-76DE-4899-BA40-E55E20CE30F5}.Release|Any CPU.Build.0 = Release|Any CPU
		{23B76C8B-F79F-4AA5-9CA9-818FD833C6DD}.Debug|Any CPU.ActiveCfg = Debug|Any CPU
		{23B76C8B-F79F-4AA5-9CA9-818FD833C6DD}.Debug|Any CPU.Build.0 = Debug|Any CPU
		{23B76C8B-F79F-4AA5-9CA9-818FD833C6DD}.Release|Any CPU.ActiveCfg = Release|Any CPU
		{23B76C8B-F79F-4AA5-9CA9-818FD833C6DD}.Release|Any CPU.Build.0 = Release|Any CPU
		{876E93A8-12A9-49CA-A12E-8E4167738C62}.Debug|Any CPU.ActiveCfg = Debug|Any CPU
		{876E93A8-12A9-49CA-A12E-8E4167738C62}.Debug|Any CPU.Build.0 = Debug|Any CPU
		{876E93A8-12A9-49CA-A12E-8E4167738C62}.Release|Any CPU.ActiveCfg = Release|Any CPU
		{876E93A8-12A9-49CA-A12E-8E4167738C62}.Release|Any CPU.Build.0 = Release|Any CPU
		{C28554DC-ACAC-48B2-B7E0-BC425E8FC4B2}.Debug|Any CPU.ActiveCfg = Debug|Any CPU
		{C28554DC-ACAC-48B2-B7E0-BC425E8FC4B2}.Debug|Any CPU.Build.0 = Debug|Any CPU
		{C28554DC-ACAC-48B2-B7E0-BC425E8FC4B2}.Release|Any CPU.ActiveCfg = Release|Any CPU
		{C28554DC-ACAC-48B2-B7E0-BC425E8FC4B2}.Release|Any CPU.Build.0 = Release|Any CPU
		{1FBC7CEC-BEF1-4C9C-B4D6-7D0DB5FC5E1D}.Debug|Any CPU.ActiveCfg = Debug|Any CPU
		{1FBC7CEC-BEF1-4C9C-B4D6-7D0DB5FC5E1D}.Debug|Any CPU.Build.0 = Debug|Any CPU
		{1FBC7CEC-BEF1-4C9C-B4D6-7D0DB5FC5E1D}.Release|Any CPU.ActiveCfg = Release|Any CPU
		{1FBC7CEC-BEF1-4C9C-B4D6-7D0DB5FC5E1D}.Release|Any CPU.Build.0 = Release|Any CPU
		{CB04A5DA-D414-43B2-9DFB-353D0D6684E5}.Debug|Any CPU.ActiveCfg = Debug|Any CPU
		{CB04A5DA-D414-43B2-9DFB-353D0D6684E5}.Debug|Any CPU.Build.0 = Debug|Any CPU
		{CB04A5DA-D414-43B2-9DFB-353D0D6684E5}.Release|Any CPU.ActiveCfg = Release|Any CPU
		{CB04A5DA-D414-43B2-9DFB-353D0D6684E5}.Release|Any CPU.Build.0 = Release|Any CPU
		{9DBADD67-7C76-40D6-8042-F6253B8E8180}.Debug|Any CPU.ActiveCfg = Debug|Any CPU
		{9DBADD67-7C76-40D6-8042-F6253B8E8180}.Debug|Any CPU.Build.0 = Debug|Any CPU
		{9DBADD67-7C76-40D6-8042-F6253B8E8180}.Release|Any CPU.ActiveCfg = Release|Any CPU
		{9DBADD67-7C76-40D6-8042-F6253B8E8180}.Release|Any CPU.Build.0 = Release|Any CPU
		{FA16671E-4006-4A72-9F74-97D6B0AD631F}.Debug|Any CPU.ActiveCfg = Debug|Any CPU
		{FA16671E-4006-4A72-9F74-97D6B0AD631F}.Debug|Any CPU.Build.0 = Debug|Any CPU
		{FA16671E-4006-4A72-9F74-97D6B0AD631F}.Release|Any CPU.ActiveCfg = Release|Any CPU
		{FA16671E-4006-4A72-9F74-97D6B0AD631F}.Release|Any CPU.Build.0 = Release|Any CPU
		{BE870CA5-83FD-42C0-BDC1-66725363E4F5}.Debug|Any CPU.ActiveCfg = Debug|Any CPU
		{BE870CA5-83FD-42C0-BDC1-66725363E4F5}.Debug|Any CPU.Build.0 = Debug|Any CPU
		{BE870CA5-83FD-42C0-BDC1-66725363E4F5}.Release|Any CPU.ActiveCfg = Release|Any CPU
		{BE870CA5-83FD-42C0-BDC1-66725363E4F5}.Release|Any CPU.Build.0 = Release|Any CPU
		{8C112218-AC60-44DD-8F3F-A17A92985A00}.Debug|Any CPU.ActiveCfg = Debug|Any CPU
		{8C112218-AC60-44DD-8F3F-A17A92985A00}.Debug|Any CPU.Build.0 = Debug|Any CPU
		{8C112218-AC60-44DD-8F3F-A17A92985A00}.Release|Any CPU.ActiveCfg = Release|Any CPU
		{8C112218-AC60-44DD-8F3F-A17A92985A00}.Release|Any CPU.Build.0 = Release|Any CPU
		{85E8909F-1133-44CD-A515-424031D9AA2B}.Debug|Any CPU.ActiveCfg = Debug|Any CPU
		{85E8909F-1133-44CD-A515-424031D9AA2B}.Debug|Any CPU.Build.0 = Debug|Any CPU
		{85E8909F-1133-44CD-A515-424031D9AA2B}.Release|Any CPU.ActiveCfg = Release|Any CPU
		{85E8909F-1133-44CD-A515-424031D9AA2B}.Release|Any CPU.Build.0 = Release|Any CPU
		{6CA68B6F-0A3F-4DDD-91FD-71C19291859D}.Debug|Any CPU.ActiveCfg = Debug|Any CPU
		{6CA68B6F-0A3F-4DDD-91FD-71C19291859D}.Debug|Any CPU.Build.0 = Debug|Any CPU
		{6CA68B6F-0A3F-4DDD-91FD-71C19291859D}.Release|Any CPU.ActiveCfg = Release|Any CPU
		{6CA68B6F-0A3F-4DDD-91FD-71C19291859D}.Release|Any CPU.Build.0 = Release|Any CPU
		{89FEBD50-23D6-4AF6-8817-C8D088296064}.Debug|Any CPU.ActiveCfg = Debug|Any CPU
		{89FEBD50-23D6-4AF6-8817-C8D088296064}.Debug|Any CPU.Build.0 = Debug|Any CPU
		{89FEBD50-23D6-4AF6-8817-C8D088296064}.Release|Any CPU.ActiveCfg = Release|Any CPU
		{89FEBD50-23D6-4AF6-8817-C8D088296064}.Release|Any CPU.Build.0 = Release|Any CPU
		{A9313844-0BDF-4EE0-AF01-C854A21A7CFB}.Debug|Any CPU.ActiveCfg = Debug|Any CPU
		{A9313844-0BDF-4EE0-AF01-C854A21A7CFB}.Debug|Any CPU.Build.0 = Debug|Any CPU
		{A9313844-0BDF-4EE0-AF01-C854A21A7CFB}.Release|Any CPU.ActiveCfg = Release|Any CPU
		{A9313844-0BDF-4EE0-AF01-C854A21A7CFB}.Release|Any CPU.Build.0 = Release|Any CPU
		{453C2C62-FC01-4F02-B29C-364F74578B12}.Debug|Any CPU.ActiveCfg = Debug|Any CPU
		{453C2C62-FC01-4F02-B29C-364F74578B12}.Debug|Any CPU.Build.0 = Debug|Any CPU
		{453C2C62-FC01-4F02-B29C-364F74578B12}.Release|Any CPU.ActiveCfg = Release|Any CPU
		{453C2C62-FC01-4F02-B29C-364F74578B12}.Release|Any CPU.Build.0 = Release|Any CPU
	EndGlobalSection
	GlobalSection(SolutionProperties) = preSolution
		HideSolutionNode = FALSE
	EndGlobalSection
	GlobalSection(NestedProjects) = preSolution
		{CB04A5DA-D414-43B2-9DFB-353D0D6684E5} = {7B9C6CE2-BC34-40CF-9B24-AAD2C713E389}
		{9DBADD67-7C76-40D6-8042-F6253B8E8180} = {7B9C6CE2-BC34-40CF-9B24-AAD2C713E389}
	EndGlobalSection
	GlobalSection(ExtensibilityGlobals) = postSolution
		SolutionGuid = {16F869B6-F56C-413C-B7B9-E8E03C836DC6}
	EndGlobalSection
EndGlobal
